// !$*UTF8*$!
{
	archiveVersion = 1;
	classes = {
	};
	objectVersion = 56;
	objects = {

/* Begin PBXBuildFile section */
		3847A86329B9DBA9002FA8D1 /* Endpoint.swift in Sources */ = {isa = PBXBuildFile; fileRef = 3847A86229B9DBA9002FA8D1 /* Endpoint.swift */; };
		38A9024B29B9EDB0004701B3 /* UserDefaultsWorker.swift in Sources */ = {isa = PBXBuildFile; fileRef = 38A9024A29B9EDB0004701B3 /* UserDefaultsWorker.swift */; };
		38A9024D29B9F2EC004701B3 /* Token.swift in Sources */ = {isa = PBXBuildFile; fileRef = 38A9024C29B9F2EC004701B3 /* Token.swift */; };
		38C1056629BB29F6005D0A8A /* Login.swift in Sources */ = {isa = PBXBuildFile; fileRef = 38C1056529BB29F6005D0A8A /* Login.swift */; };
		A636DA42299656FE00FE75F5 /* PostListView.swift in Sources */ = {isa = PBXBuildFile; fileRef = A636DA41299656FE00FE75F5 /* PostListView.swift */; };
		A636DA4429965B9E00FE75F5 /* ApiData.swift in Sources */ = {isa = PBXBuildFile; fileRef = A636DA4329965B9E00FE75F5 /* ApiData.swift */; };
		A636DA48299664B100FE75F5 /* PostDetail.swift in Sources */ = {isa = PBXBuildFile; fileRef = A636DA47299664B100FE75F5 /* PostDetail.swift */; };
		A636DA4A29966EAD00FE75F5 /* PostCell.swift in Sources */ = {isa = PBXBuildFile; fileRef = A636DA4929966EAD00FE75F5 /* PostCell.swift */; };
		A644E7F92987DFAC005FAC0C /* ChatPage.swift in Sources */ = {isa = PBXBuildFile; fileRef = A644E7F82987DFAC005FAC0C /* ChatPage.swift */; };
		A644E7FB2987DFEB005FAC0C /* ProfilePage.swift in Sources */ = {isa = PBXBuildFile; fileRef = A644E7FA2987DFEB005FAC0C /* ProfilePage.swift */; };
		A644E7FD2987E018005FAC0C /* AddPostPage.swift in Sources */ = {isa = PBXBuildFile; fileRef = A644E7FC2987E018005FAC0C /* AddPostPage.swift */; };
		A644E7FF2987E2E7005FAC0C /* ContentView.swift in Sources */ = {isa = PBXBuildFile; fileRef = A644E7FE2987E2E7005FAC0C /* ContentView.swift */; };
		A644E80929882AD9005FAC0C /* Post.swift in Sources */ = {isa = PBXBuildFile; fileRef = A644E80829882AD9005FAC0C /* Post.swift */; };
		A645460229B0A27A00C06D46 /* TitleRow.swift in Sources */ = {isa = PBXBuildFile; fileRef = A645460129B0A27A00C06D46 /* TitleRow.swift */; };
		A645460429B0A52300C06D46 /* ChatView.swift in Sources */ = {isa = PBXBuildFile; fileRef = A645460329B0A52200C06D46 /* ChatView.swift */; };
		A645460629B0A56500C06D46 /* Message.swift in Sources */ = {isa = PBXBuildFile; fileRef = A645460529B0A56500C06D46 /* Message.swift */; };
		A645460829B0A5F900C06D46 /* MessageBubble.swift in Sources */ = {isa = PBXBuildFile; fileRef = A645460729B0A5F900C06D46 /* MessageBubble.swift */; };
		A645460A29B0B2D600C06D46 /* Extensions.swift in Sources */ = {isa = PBXBuildFile; fileRef = A645460929B0B2D600C06D46 /* Extensions.swift */; };
		A645460C29B0B8E200C06D46 /* MessageField.swift in Sources */ = {isa = PBXBuildFile; fileRef = A645460B29B0B8E200C06D46 /* MessageField.swift */; };
		A645460E29B0FF8100C06D46 /* GoogleService-Info.plist in Resources */ = {isa = PBXBuildFile; fileRef = A645460D29B0FF8100C06D46 /* GoogleService-Info.plist */; };
		A645461129B1027A00C06D46 /* FirebaseFirestore in Frameworks */ = {isa = PBXBuildFile; productRef = A645461029B1027A00C06D46 /* FirebaseFirestore */; };
		A645461329B1027A00C06D46 /* FirebaseFirestoreSwift in Frameworks */ = {isa = PBXBuildFile; productRef = A645461229B1027A00C06D46 /* FirebaseFirestoreSwift */; };
		A645461529B10AA800C06D46 /* MessagesManager.swift in Sources */ = {isa = PBXBuildFile; fileRef = A645461429B10AA800C06D46 /* MessagesManager.swift */; };
		A64DBE9A29A75D8F00AA3461 /* CategoryPage.swift in Sources */ = {isa = PBXBuildFile; fileRef = A64DBE9929A75D8F00AA3461 /* CategoryPage.swift */; };
		A6A02736299A4419005C3994 /* User.swift in Sources */ = {isa = PBXBuildFile; fileRef = A6A02735299A4419005C3994 /* User.swift */; };
		A6AB605C29A63C9F004C79EC /* SplashScreen.swift in Sources */ = {isa = PBXBuildFile; fileRef = A6AB605B29A63C9F004C79EC /* SplashScreen.swift */; };
		A6EF031D299CF3890088CDD5 /* RegisterView.swift in Sources */ = {isa = PBXBuildFile; fileRef = A6EF031C299CF3890088CDD5 /* RegisterView.swift */; };
		A6EF031F299CF96B0088CDD5 /* LoginPage.swift in Sources */ = {isa = PBXBuildFile; fileRef = A6EF031E299CF96B0088CDD5 /* LoginPage.swift */; };
		A6F7B53F297FE76000AEFE81 /* CommusicApp.swift in Sources */ = {isa = PBXBuildFile; fileRef = A6F7B53E297FE76000AEFE81 /* CommusicApp.swift */; };
		A6F7B543297FE76200AEFE81 /* Assets.xcassets in Resources */ = {isa = PBXBuildFile; fileRef = A6F7B542297FE76200AEFE81 /* Assets.xcassets */; };
		A6F7B546297FE76200AEFE81 /* Preview Assets.xcassets in Resources */ = {isa = PBXBuildFile; fileRef = A6F7B545297FE76200AEFE81 /* Preview Assets.xcassets */; };
		A6FAA37629B880C500B082BE /* Category.swift in Sources */ = {isa = PBXBuildFile; fileRef = A6FAA37529B880C500B082BE /* Category.swift */; };
/* End PBXBuildFile section */

/* Begin PBXFileReference section */
		3847A86229B9DBA9002FA8D1 /* Endpoint.swift */ = {isa = PBXFileReference; lastKnownFileType = sourcecode.swift; path = Endpoint.swift; sourceTree = "<group>"; };
		38A9024A29B9EDB0004701B3 /* UserDefaultsWorker.swift */ = {isa = PBXFileReference; lastKnownFileType = sourcecode.swift; path = UserDefaultsWorker.swift; sourceTree = "<group>"; };
		38A9024C29B9F2EC004701B3 /* Token.swift */ = {isa = PBXFileReference; lastKnownFileType = sourcecode.swift; path = Token.swift; sourceTree = "<group>"; };
		38C1056529BB29F6005D0A8A /* Login.swift */ = {isa = PBXFileReference; lastKnownFileType = sourcecode.swift; path = Login.swift; sourceTree = "<group>"; };
		A636DA41299656FE00FE75F5 /* PostListView.swift */ = {isa = PBXFileReference; lastKnownFileType = sourcecode.swift; path = PostListView.swift; sourceTree = "<group>"; };
		A636DA4329965B9E00FE75F5 /* ApiData.swift */ = {isa = PBXFileReference; lastKnownFileType = sourcecode.swift; path = ApiData.swift; sourceTree = "<group>"; };
		A636DA47299664B100FE75F5 /* PostDetail.swift */ = {isa = PBXFileReference; lastKnownFileType = sourcecode.swift; path = PostDetail.swift; sourceTree = "<group>"; };
		A636DA4929966EAD00FE75F5 /* PostCell.swift */ = {isa = PBXFileReference; lastKnownFileType = sourcecode.swift; path = PostCell.swift; sourceTree = "<group>"; };
		A644E7F82987DFAC005FAC0C /* ChatPage.swift */ = {isa = PBXFileReference; lastKnownFileType = sourcecode.swift; path = ChatPage.swift; sourceTree = "<group>"; };
		A644E7FA2987DFEB005FAC0C /* ProfilePage.swift */ = {isa = PBXFileReference; lastKnownFileType = sourcecode.swift; path = ProfilePage.swift; sourceTree = "<group>"; };
		A644E7FC2987E018005FAC0C /* AddPostPage.swift */ = {isa = PBXFileReference; lastKnownFileType = sourcecode.swift; path = AddPostPage.swift; sourceTree = "<group>"; };
		A644E7FE2987E2E7005FAC0C /* ContentView.swift */ = {isa = PBXFileReference; lastKnownFileType = sourcecode.swift; path = ContentView.swift; sourceTree = "<group>"; };
		A644E80829882AD9005FAC0C /* Post.swift */ = {isa = PBXFileReference; lastKnownFileType = sourcecode.swift; path = Post.swift; sourceTree = "<group>"; };
		A645460129B0A27A00C06D46 /* TitleRow.swift */ = {isa = PBXFileReference; lastKnownFileType = sourcecode.swift; path = TitleRow.swift; sourceTree = "<group>"; };
		A645460329B0A52200C06D46 /* ChatView.swift */ = {isa = PBXFileReference; lastKnownFileType = sourcecode.swift; path = ChatView.swift; sourceTree = "<group>"; };
		A645460529B0A56500C06D46 /* Message.swift */ = {isa = PBXFileReference; lastKnownFileType = sourcecode.swift; path = Message.swift; sourceTree = "<group>"; };
		A645460729B0A5F900C06D46 /* MessageBubble.swift */ = {isa = PBXFileReference; lastKnownFileType = sourcecode.swift; path = MessageBubble.swift; sourceTree = "<group>"; };
		A645460929B0B2D600C06D46 /* Extensions.swift */ = {isa = PBXFileReference; lastKnownFileType = sourcecode.swift; path = Extensions.swift; sourceTree = "<group>"; };
		A645460B29B0B8E200C06D46 /* MessageField.swift */ = {isa = PBXFileReference; lastKnownFileType = sourcecode.swift; path = MessageField.swift; sourceTree = "<group>"; };
		A645460D29B0FF8100C06D46 /* GoogleService-Info.plist */ = {isa = PBXFileReference; fileEncoding = 4; lastKnownFileType = text.plist.xml; path = "GoogleService-Info.plist"; sourceTree = "<group>"; };
		A645461429B10AA800C06D46 /* MessagesManager.swift */ = {isa = PBXFileReference; lastKnownFileType = sourcecode.swift; path = MessagesManager.swift; sourceTree = "<group>"; };
		A64DBE9929A75D8F00AA3461 /* CategoryPage.swift */ = {isa = PBXFileReference; lastKnownFileType = sourcecode.swift; path = CategoryPage.swift; sourceTree = "<group>"; };
		A6A02735299A4419005C3994 /* User.swift */ = {isa = PBXFileReference; lastKnownFileType = sourcecode.swift; path = User.swift; sourceTree = "<group>"; };
		A6AB605B29A63C9F004C79EC /* SplashScreen.swift */ = {isa = PBXFileReference; lastKnownFileType = sourcecode.swift; path = SplashScreen.swift; sourceTree = "<group>"; };
		A6EF031C299CF3890088CDD5 /* RegisterView.swift */ = {isa = PBXFileReference; lastKnownFileType = sourcecode.swift; path = RegisterView.swift; sourceTree = "<group>"; };
		A6EF031E299CF96B0088CDD5 /* LoginPage.swift */ = {isa = PBXFileReference; lastKnownFileType = sourcecode.swift; path = LoginPage.swift; sourceTree = "<group>"; };
		A6F7B53B297FE76000AEFE81 /* Commusic.app */ = {isa = PBXFileReference; explicitFileType = wrapper.application; includeInIndex = 0; path = Commusic.app; sourceTree = BUILT_PRODUCTS_DIR; };
		A6F7B53E297FE76000AEFE81 /* CommusicApp.swift */ = {isa = PBXFileReference; lastKnownFileType = sourcecode.swift; path = CommusicApp.swift; sourceTree = "<group>"; };
		A6F7B542297FE76200AEFE81 /* Assets.xcassets */ = {isa = PBXFileReference; lastKnownFileType = folder.assetcatalog; path = Assets.xcassets; sourceTree = "<group>"; };
		A6F7B545297FE76200AEFE81 /* Preview Assets.xcassets */ = {isa = PBXFileReference; lastKnownFileType = folder.assetcatalog; path = "Preview Assets.xcassets"; sourceTree = "<group>"; };
		A6FAA37529B880C500B082BE /* Category.swift */ = {isa = PBXFileReference; lastKnownFileType = sourcecode.swift; path = Category.swift; sourceTree = "<group>"; };
/* End PBXFileReference section */

/* Begin PBXFrameworksBuildPhase section */
		A6F7B538297FE76000AEFE81 /* Frameworks */ = {
			isa = PBXFrameworksBuildPhase;
			buildActionMask = 2147483647;
			files = (
				A645461129B1027A00C06D46 /* FirebaseFirestore in Frameworks */,
				A645461329B1027A00C06D46 /* FirebaseFirestoreSwift in Frameworks */,
			);
			runOnlyForDeploymentPostprocessing = 0;
		};
/* End PBXFrameworksBuildPhase section */

/* Begin PBXGroup section */
		A645460029B0A25700C06D46 /* Components */ = {
			isa = PBXGroup;
			children = (
				A645460129B0A27A00C06D46 /* TitleRow.swift */,
				A645460729B0A5F900C06D46 /* MessageBubble.swift */,
				A645460B29B0B8E200C06D46 /* MessageField.swift */,
			);
			name = Components;
			sourceTree = "<group>";
		};
		A6F4FBAE2981D01100CBB72F /* Model */ = {
			isa = PBXGroup;
			children = (
				A644E80829882AD9005FAC0C /* Post.swift */,
				A6A02735299A4419005C3994 /* User.swift */,
				A645460529B0A56500C06D46 /* Message.swift */,
				A6FAA37529B880C500B082BE /* Category.swift */,
				38A9024C29B9F2EC004701B3 /* Token.swift */,
				38C1056529BB29F6005D0A8A /* Login.swift */,
			);
			path = Model;
			sourceTree = "<group>";
		};
		A6F4FBAF2981D01D00CBB72F /* Page VIews */ = {
			isa = PBXGroup;
			children = (
				A6EF031E299CF96B0088CDD5 /* LoginPage.swift */,
				A6EF031C299CF3890088CDD5 /* RegisterView.swift */,
				A636DA41299656FE00FE75F5 /* PostListView.swift */,
				A636DA47299664B100FE75F5 /* PostDetail.swift */,
				A644E7F82987DFAC005FAC0C /* ChatPage.swift */,
				A64DBE9929A75D8F00AA3461 /* CategoryPage.swift */,
				A644E7FC2987E018005FAC0C /* AddPostPage.swift */,
				A644E7FA2987DFEB005FAC0C /* ProfilePage.swift */,
			);
			path = "Page VIews";
			sourceTree = "<group>";
		};
		A6F4FBB02981D02B00CBB72F /* Views */ = {
			isa = PBXGroup;
			children = (
				A636DA4929966EAD00FE75F5 /* PostCell.swift */,
				A6AB605B29A63C9F004C79EC /* SplashScreen.swift */,
			);
			path = Views;
			sourceTree = "<group>";
		};
		A6F7B532297FE76000AEFE81 = {
			isa = PBXGroup;
			children = (
				A6F7B53D297FE76000AEFE81 /* Commusic */,
				A6F7B53C297FE76000AEFE81 /* Products */,
			);
			sourceTree = "<group>";
		};
		A6F7B53C297FE76000AEFE81 /* Products */ = {
			isa = PBXGroup;
			children = (
				A6F7B53B297FE76000AEFE81 /* Commusic.app */,
			);
			name = Products;
			sourceTree = "<group>";
		};
		A6F7B53D297FE76000AEFE81 /* Commusic */ = {
			isa = PBXGroup;
			children = (
				A6F7B53E297FE76000AEFE81 /* CommusicApp.swift */,
				A645460929B0B2D600C06D46 /* Extensions.swift */,
				A645461429B10AA800C06D46 /* MessagesManager.swift */,
				A645460329B0A52200C06D46 /* ChatView.swift */,
				3847A86229B9DBA9002FA8D1 /* Endpoint.swift */,
				38A9024A29B9EDB0004701B3 /* UserDefaultsWorker.swift */,
				A636DA4329965B9E00FE75F5 /* ApiData.swift */,
				A645460029B0A25700C06D46 /* Components */,
				A6F4FBAE2981D01100CBB72F /* Model */,
				A6F4FBB02981D02B00CBB72F /* Views */,
				A6F4FBAF2981D01D00CBB72F /* Page VIews */,
				A6F7B544297FE76200AEFE81 /* Preview Content */,
				A645460D29B0FF8100C06D46 /* GoogleService-Info.plist */,
				A6F7B542297FE76200AEFE81 /* Assets.xcassets */,
			);
			path = Commusic;
			sourceTree = "<group>";
		};
		A6F7B544297FE76200AEFE81 /* Preview Content */ = {
			isa = PBXGroup;
			children = (
				A644E7FE2987E2E7005FAC0C /* ContentView.swift */,
				A6F7B545297FE76200AEFE81 /* Preview Assets.xcassets */,
			);
			path = "Preview Content";
			sourceTree = "<group>";
		};
/* End PBXGroup section */

/* Begin PBXNativeTarget section */
		A6F7B53A297FE76000AEFE81 /* Commusic */ = {
			isa = PBXNativeTarget;
			buildConfigurationList = A6F7B549297FE76200AEFE81 /* Build configuration list for PBXNativeTarget "Commusic" */;
			buildPhases = (
				A6F7B537297FE76000AEFE81 /* Sources */,
				A6F7B538297FE76000AEFE81 /* Frameworks */,
				A6F7B539297FE76000AEFE81 /* Resources */,
			);
			buildRules = (
			);
			dependencies = (
			);
			name = Commusic;
			packageProductDependencies = (
				A645461029B1027A00C06D46 /* FirebaseFirestore */,
				A645461229B1027A00C06D46 /* FirebaseFirestoreSwift */,
			);
			productName = Commusic;
			productReference = A6F7B53B297FE76000AEFE81 /* Commusic.app */;
			productType = "com.apple.product-type.application";
		};
/* End PBXNativeTarget section */

/* Begin PBXProject section */
		A6F7B533297FE76000AEFE81 /* Project object */ = {
			isa = PBXProject;
			attributes = {
				BuildIndependentTargetsInParallel = 1;
				LastSwiftUpdateCheck = 1420;
				LastUpgradeCheck = 1420;
				TargetAttributes = {
					A6F7B53A297FE76000AEFE81 = {
						CreatedOnToolsVersion = 14.2;
					};
				};
			};
			buildConfigurationList = A6F7B536297FE76000AEFE81 /* Build configuration list for PBXProject "Commusic" */;
			compatibilityVersion = "Xcode 14.0";
			developmentRegion = en;
			hasScannedForEncodings = 0;
			knownRegions = (
				en,
				Base,
			);
			mainGroup = A6F7B532297FE76000AEFE81;
			packageReferences = (
				A645460F29B1027A00C06D46 /* XCRemoteSwiftPackageReference "firebase-ios-sdk" */,
			);
			productRefGroup = A6F7B53C297FE76000AEFE81 /* Products */;
			projectDirPath = "";
			projectRoot = "";
			targets = (
				A6F7B53A297FE76000AEFE81 /* Commusic */,
			);
		};
/* End PBXProject section */

/* Begin PBXResourcesBuildPhase section */
		A6F7B539297FE76000AEFE81 /* Resources */ = {
			isa = PBXResourcesBuildPhase;
			buildActionMask = 2147483647;
			files = (
				A6F7B546297FE76200AEFE81 /* Preview Assets.xcassets in Resources */,
				A6F7B543297FE76200AEFE81 /* Assets.xcassets in Resources */,
				A645460E29B0FF8100C06D46 /* GoogleService-Info.plist in Resources */,
			);
			runOnlyForDeploymentPostprocessing = 0;
		};
/* End PBXResourcesBuildPhase section */

/* Begin PBXSourcesBuildPhase section */
		A6F7B537297FE76000AEFE81 /* Sources */ = {
			isa = PBXSourcesBuildPhase;
			buildActionMask = 2147483647;
			files = (
				A636DA4A29966EAD00FE75F5 /* PostCell.swift in Sources */,
				A636DA42299656FE00FE75F5 /* PostListView.swift in Sources */,
				A6AB605C29A63C9F004C79EC /* SplashScreen.swift in Sources */,
				A645460629B0A56500C06D46 /* Message.swift in Sources */,
				A645460229B0A27A00C06D46 /* TitleRow.swift in Sources */,
				A6EF031D299CF3890088CDD5 /* RegisterView.swift in Sources */,
				A636DA4429965B9E00FE75F5 /* ApiData.swift in Sources */,
				A6EF031F299CF96B0088CDD5 /* LoginPage.swift in Sources */,
				A644E80929882AD9005FAC0C /* Post.swift in Sources */,
				A636DA48299664B100FE75F5 /* PostDetail.swift in Sources */,
				3847A86329B9DBA9002FA8D1 /* Endpoint.swift in Sources */,
				38A9024B29B9EDB0004701B3 /* UserDefaultsWorker.swift in Sources */,
				A645460C29B0B8E200C06D46 /* MessageField.swift in Sources */,
				A644E7FB2987DFEB005FAC0C /* ProfilePage.swift in Sources */,
				A64DBE9A29A75D8F00AA3461 /* CategoryPage.swift in Sources */,
				38C1056629BB29F6005D0A8A /* Login.swift in Sources */,
				A645460829B0A5F900C06D46 /* MessageBubble.swift in Sources */,
				A6FAA37629B880C500B082BE /* Category.swift in Sources */,
				A644E7FF2987E2E7005FAC0C /* ContentView.swift in Sources */,
				A645460429B0A52300C06D46 /* ChatView.swift in Sources */,
				A645460A29B0B2D600C06D46 /* Extensions.swift in Sources */,
				A644E7F92987DFAC005FAC0C /* ChatPage.swift in Sources */,
				A6F7B53F297FE76000AEFE81 /* CommusicApp.swift in Sources */,
				A645461529B10AA800C06D46 /* MessagesManager.swift in Sources */,
				38A9024D29B9F2EC004701B3 /* Token.swift in Sources */,
				A644E7FD2987E018005FAC0C /* AddPostPage.swift in Sources */,
				A6A02736299A4419005C3994 /* User.swift in Sources */,
			);
			runOnlyForDeploymentPostprocessing = 0;
		};
/* End PBXSourcesBuildPhase section */

/* Begin XCBuildConfiguration section */
		A6F7B547297FE76200AEFE81 /* Debug */ = {
			isa = XCBuildConfiguration;
			buildSettings = {
				ALWAYS_SEARCH_USER_PATHS = NO;
				CLANG_ANALYZER_NONNULL = YES;
				CLANG_ANALYZER_NUMBER_OBJECT_CONVERSION = YES_AGGRESSIVE;
				CLANG_CXX_LANGUAGE_STANDARD = "gnu++20";
				CLANG_ENABLE_MODULES = YES;
				CLANG_ENABLE_OBJC_ARC = YES;
				CLANG_ENABLE_OBJC_WEAK = YES;
				CLANG_WARN_BLOCK_CAPTURE_AUTORELEASING = YES;
				CLANG_WARN_BOOL_CONVERSION = YES;
				CLANG_WARN_COMMA = YES;
				CLANG_WARN_CONSTANT_CONVERSION = YES;
				CLANG_WARN_DEPRECATED_OBJC_IMPLEMENTATIONS = YES;
				CLANG_WARN_DIRECT_OBJC_ISA_USAGE = YES_ERROR;
				CLANG_WARN_DOCUMENTATION_COMMENTS = YES;
				CLANG_WARN_EMPTY_BODY = YES;
				CLANG_WARN_ENUM_CONVERSION = YES;
				CLANG_WARN_INFINITE_RECURSION = YES;
				CLANG_WARN_INT_CONVERSION = YES;
				CLANG_WARN_NON_LITERAL_NULL_CONVERSION = YES;
				CLANG_WARN_OBJC_IMPLICIT_RETAIN_SELF = YES;
				CLANG_WARN_OBJC_LITERAL_CONVERSION = YES;
				CLANG_WARN_OBJC_ROOT_CLASS = YES_ERROR;
				CLANG_WARN_QUOTED_INCLUDE_IN_FRAMEWORK_HEADER = YES;
				CLANG_WARN_RANGE_LOOP_ANALYSIS = YES;
				CLANG_WARN_STRICT_PROTOTYPES = YES;
				CLANG_WARN_SUSPICIOUS_MOVE = YES;
				CLANG_WARN_UNGUARDED_AVAILABILITY = YES_AGGRESSIVE;
				CLANG_WARN_UNREACHABLE_CODE = YES;
				CLANG_WARN__DUPLICATE_METHOD_MATCH = YES;
				COPY_PHASE_STRIP = NO;
				DEBUG_INFORMATION_FORMAT = dwarf;
				ENABLE_STRICT_OBJC_MSGSEND = YES;
				ENABLE_TESTABILITY = YES;
				GCC_C_LANGUAGE_STANDARD = gnu11;
				GCC_DYNAMIC_NO_PIC = NO;
				GCC_NO_COMMON_BLOCKS = YES;
				GCC_OPTIMIZATION_LEVEL = 0;
				GCC_PREPROCESSOR_DEFINITIONS = (
					"DEBUG=1",
					"$(inherited)",
				);
				GCC_WARN_64_TO_32_BIT_CONVERSION = YES;
				GCC_WARN_ABOUT_RETURN_TYPE = YES_ERROR;
				GCC_WARN_UNDECLARED_SELECTOR = YES;
				GCC_WARN_UNINITIALIZED_AUTOS = YES_AGGRESSIVE;
				GCC_WARN_UNUSED_FUNCTION = YES;
				GCC_WARN_UNUSED_VARIABLE = YES;
				IPHONEOS_DEPLOYMENT_TARGET = 16.2;
				MTL_ENABLE_DEBUG_INFO = INCLUDE_SOURCE;
				MTL_FAST_MATH = YES;
				ONLY_ACTIVE_ARCH = YES;
				SDKROOT = iphoneos;
				SWIFT_ACTIVE_COMPILATION_CONDITIONS = DEBUG;
				SWIFT_OPTIMIZATION_LEVEL = "-Onone";
			};
			name = Debug;
		};
		A6F7B548297FE76200AEFE81 /* Release */ = {
			isa = XCBuildConfiguration;
			buildSettings = {
				ALWAYS_SEARCH_USER_PATHS = NO;
				CLANG_ANALYZER_NONNULL = YES;
				CLANG_ANALYZER_NUMBER_OBJECT_CONVERSION = YES_AGGRESSIVE;
				CLANG_CXX_LANGUAGE_STANDARD = "gnu++20";
				CLANG_ENABLE_MODULES = YES;
				CLANG_ENABLE_OBJC_ARC = YES;
				CLANG_ENABLE_OBJC_WEAK = YES;
				CLANG_WARN_BLOCK_CAPTURE_AUTORELEASING = YES;
				CLANG_WARN_BOOL_CONVERSION = YES;
				CLANG_WARN_COMMA = YES;
				CLANG_WARN_CONSTANT_CONVERSION = YES;
				CLANG_WARN_DEPRECATED_OBJC_IMPLEMENTATIONS = YES;
				CLANG_WARN_DIRECT_OBJC_ISA_USAGE = YES_ERROR;
				CLANG_WARN_DOCUMENTATION_COMMENTS = YES;
				CLANG_WARN_EMPTY_BODY = YES;
				CLANG_WARN_ENUM_CONVERSION = YES;
				CLANG_WARN_INFINITE_RECURSION = YES;
				CLANG_WARN_INT_CONVERSION = YES;
				CLANG_WARN_NON_LITERAL_NULL_CONVERSION = YES;
				CLANG_WARN_OBJC_IMPLICIT_RETAIN_SELF = YES;
				CLANG_WARN_OBJC_LITERAL_CONVERSION = YES;
				CLANG_WARN_OBJC_ROOT_CLASS = YES_ERROR;
				CLANG_WARN_QUOTED_INCLUDE_IN_FRAMEWORK_HEADER = YES;
				CLANG_WARN_RANGE_LOOP_ANALYSIS = YES;
				CLANG_WARN_STRICT_PROTOTYPES = YES;
				CLANG_WARN_SUSPICIOUS_MOVE = YES;
				CLANG_WARN_UNGUARDED_AVAILABILITY = YES_AGGRESSIVE;
				CLANG_WARN_UNREACHABLE_CODE = YES;
				CLANG_WARN__DUPLICATE_METHOD_MATCH = YES;
				COPY_PHASE_STRIP = NO;
				DEBUG_INFORMATION_FORMAT = "dwarf-with-dsym";
				ENABLE_NS_ASSERTIONS = NO;
				ENABLE_STRICT_OBJC_MSGSEND = YES;
				GCC_C_LANGUAGE_STANDARD = gnu11;
				GCC_NO_COMMON_BLOCKS = YES;
				GCC_WARN_64_TO_32_BIT_CONVERSION = YES;
				GCC_WARN_ABOUT_RETURN_TYPE = YES_ERROR;
				GCC_WARN_UNDECLARED_SELECTOR = YES;
				GCC_WARN_UNINITIALIZED_AUTOS = YES_AGGRESSIVE;
				GCC_WARN_UNUSED_FUNCTION = YES;
				GCC_WARN_UNUSED_VARIABLE = YES;
				IPHONEOS_DEPLOYMENT_TARGET = 16.2;
				MTL_ENABLE_DEBUG_INFO = NO;
				MTL_FAST_MATH = YES;
				SDKROOT = iphoneos;
				SWIFT_COMPILATION_MODE = wholemodule;
				SWIFT_OPTIMIZATION_LEVEL = "-O";
				VALIDATE_PRODUCT = YES;
			};
			name = Release;
		};
		A6F7B54A297FE76200AEFE81 /* Debug */ = {
			isa = XCBuildConfiguration;
			buildSettings = {
				ASSETCATALOG_COMPILER_APPICON_NAME = AppIcon;
				ASSETCATALOG_COMPILER_GLOBAL_ACCENT_COLOR_NAME = AccentColor;
				CODE_SIGN_STYLE = Automatic;
				CURRENT_PROJECT_VERSION = 1;
				DEVELOPMENT_ASSET_PATHS = "\"Commusic/Preview Content\"";
				DEVELOPMENT_TEAM = P2J5L9D2KF;
				ENABLE_PREVIEWS = YES;
				GENERATE_INFOPLIST_FILE = YES;
				INFOPLIST_KEY_UIApplicationSceneManifest_Generation = YES;
				INFOPLIST_KEY_UIApplicationSupportsIndirectInputEvents = YES;
				INFOPLIST_KEY_UILaunchScreen_Generation = YES;
				INFOPLIST_KEY_UISupportedInterfaceOrientations_iPad = "UIInterfaceOrientationPortrait UIInterfaceOrientationPortraitUpsideDown UIInterfaceOrientationLandscapeLeft UIInterfaceOrientationLandscapeRight";
				INFOPLIST_KEY_UISupportedInterfaceOrientations_iPhone = "UIInterfaceOrientationPortrait UIInterfaceOrientationLandscapeLeft UIInterfaceOrientationLandscapeRight";
				INFOPLIST_KEY_UIUserInterfaceStyle = Light;
				IPHONEOS_DEPLOYMENT_TARGET = 16.0;
				LD_RUNPATH_SEARCH_PATHS = (
					"$(inherited)",
					"@executable_path/Frameworks",
				);
				MARKETING_VERSION = 1.0;
				PRODUCT_BUNDLE_IDENTIFIER = com.workshop.Commusic;
				PRODUCT_NAME = "$(TARGET_NAME)";
				SWIFT_EMIT_LOC_STRINGS = YES;
				SWIFT_VERSION = 5.0;
				TARGETED_DEVICE_FAMILY = "1,2";
			};
			name = Debug;
		};
		A6F7B54B297FE76200AEFE81 /* Release */ = {
			isa = XCBuildConfiguration;
			buildSettings = {
				ASSETCATALOG_COMPILER_APPICON_NAME = AppIcon;
				ASSETCATALOG_COMPILER_GLOBAL_ACCENT_COLOR_NAME = AccentColor;
				CODE_SIGN_STYLE = Automatic;
				CURRENT_PROJECT_VERSION = 1;
				DEVELOPMENT_ASSET_PATHS = "\"Commusic/Preview Content\"";
				DEVELOPMENT_TEAM = P2J5L9D2KF;
				ENABLE_PREVIEWS = YES;
				GENERATE_INFOPLIST_FILE = YES;
				INFOPLIST_KEY_UIApplicationSceneManifest_Generation = YES;
				INFOPLIST_KEY_UIApplicationSupportsIndirectInputEvents = YES;
				INFOPLIST_KEY_UILaunchScreen_Generation = YES;
				INFOPLIST_KEY_UISupportedInterfaceOrientations_iPad = "UIInterfaceOrientationPortrait UIInterfaceOrientationPortraitUpsideDown UIInterfaceOrientationLandscapeLeft UIInterfaceOrientationLandscapeRight";
				INFOPLIST_KEY_UISupportedInterfaceOrientations_iPhone = "UIInterfaceOrientationPortrait UIInterfaceOrientationLandscapeLeft UIInterfaceOrientationLandscapeRight";
				INFOPLIST_KEY_UIUserInterfaceStyle = Light;
				IPHONEOS_DEPLOYMENT_TARGET = 16.0;
				LD_RUNPATH_SEARCH_PATHS = (
					"$(inherited)",
					"@executable_path/Frameworks",
				);
				MARKETING_VERSION = 1.0;
				PRODUCT_BUNDLE_IDENTIFIER = com.workshop.Commusic;
				PRODUCT_NAME = "$(TARGET_NAME)";
				SWIFT_EMIT_LOC_STRINGS = YES;
				SWIFT_VERSION = 5.0;
				TARGETED_DEVICE_FAMILY = "1,2";
			};
			name = Release;
		};
/* End XCBuildConfiguration section */

/* Begin XCConfigurationList section */
		A6F7B536297FE76000AEFE81 /* Build configuration list for PBXProject "Commusic" */ = {
			isa = XCConfigurationList;
			buildConfigurations = (
				A6F7B547297FE76200AEFE81 /* Debug */,
				A6F7B548297FE76200AEFE81 /* Release */,
			);
			defaultConfigurationIsVisible = 0;
			defaultConfigurationName = Release;
		};
		A6F7B549297FE76200AEFE81 /* Build configuration list for PBXNativeTarget "Commusic" */ = {
			isa = XCConfigurationList;
			buildConfigurations = (
				A6F7B54A297FE76200AEFE81 /* Debug */,
				A6F7B54B297FE76200AEFE81 /* Release */,
			);
			defaultConfigurationIsVisible = 0;
			defaultConfigurationName = Release;
		};
/* End XCConfigurationList section */

/* Begin XCRemoteSwiftPackageReference section */
		A645460F29B1027A00C06D46 /* XCRemoteSwiftPackageReference "firebase-ios-sdk" */ = {
			isa = XCRemoteSwiftPackageReference;
			repositoryURL = "https://github.com/firebase/firebase-ios-sdk";
			requirement = {
				kind = upToNextMajorVersion;
				minimumVersion = 9.0.0;
			};
		};
/* End XCRemoteSwiftPackageReference section */

/* Begin XCSwiftPackageProductDependency section */
		A645461029B1027A00C06D46 /* FirebaseFirestore */ = {
			isa = XCSwiftPackageProductDependency;
			package = A645460F29B1027A00C06D46 /* XCRemoteSwiftPackageReference "firebase-ios-sdk" */;
			productName = FirebaseFirestore;
		};
		A645461229B1027A00C06D46 /* FirebaseFirestoreSwift */ = {
			isa = XCSwiftPackageProductDependency;
			package = A645460F29B1027A00C06D46 /* XCRemoteSwiftPackageReference "firebase-ios-sdk" */;
			productName = FirebaseFirestoreSwift;
		};
/* End XCSwiftPackageProductDependency section */
	};
	rootObject = A6F7B533297FE76000AEFE81 /* Project object */;
}
