// !$*UTF8*$!
{
	archiveVersion = 1;
	classes = {
	};
	objectVersion = 56;
	objects = {

/* Begin PBXBuildFile section */
		A60B1B48298932F80017EDB0 /* HomeManager.swift in Sources */ = {isa = PBXBuildFile; fileRef = A60B1B47298932F80017EDB0 /* HomeManager.swift */; };
		A60B1B4B29893E8E0017EDB0 /* Alamofire in Frameworks */ = {isa = PBXBuildFile; productRef = A60B1B4A29893E8E0017EDB0 /* Alamofire */; };
		A644E7F72987D981005FAC0C /* APIList.swift in Sources */ = {isa = PBXBuildFile; fileRef = A644E7F62987D981005FAC0C /* APIList.swift */; };
		A644E7F92987DFAC005FAC0C /* ChatPage.swift in Sources */ = {isa = PBXBuildFile; fileRef = A644E7F82987DFAC005FAC0C /* ChatPage.swift */; };
		A644E7FB2987DFEB005FAC0C /* ProfilePage.swift in Sources */ = {isa = PBXBuildFile; fileRef = A644E7FA2987DFEB005FAC0C /* ProfilePage.swift */; };
		A644E7FD2987E018005FAC0C /* AddPostPage.swift in Sources */ = {isa = PBXBuildFile; fileRef = A644E7FC2987E018005FAC0C /* AddPostPage.swift */; };
		A644E7FF2987E2E7005FAC0C /* ContentView.swift in Sources */ = {isa = PBXBuildFile; fileRef = A644E7FE2987E2E7005FAC0C /* ContentView.swift */; };
		A644E8012987F4D1005FAC0C /* PostItem.swift in Sources */ = {isa = PBXBuildFile; fileRef = A644E8002987F4D1005FAC0C /* PostItem.swift */; };
		A644E8032988298B005FAC0C /* DetailsPage.swift in Sources */ = {isa = PBXBuildFile; fileRef = A644E8022988298B005FAC0C /* DetailsPage.swift */; };
		A644E80929882AD9005FAC0C /* Post.swift in Sources */ = {isa = PBXBuildFile; fileRef = A644E80829882AD9005FAC0C /* Post.swift */; };
		A6F7B53F297FE76000AEFE81 /* CommusicApp.swift in Sources */ = {isa = PBXBuildFile; fileRef = A6F7B53E297FE76000AEFE81 /* CommusicApp.swift */; };
		A6F7B541297FE76000AEFE81 /* HomePage.swift in Sources */ = {isa = PBXBuildFile; fileRef = A6F7B540297FE76000AEFE81 /* HomePage.swift */; };
		A6F7B543297FE76200AEFE81 /* Assets.xcassets in Resources */ = {isa = PBXBuildFile; fileRef = A6F7B542297FE76200AEFE81 /* Assets.xcassets */; };
		A6F7B546297FE76200AEFE81 /* Preview Assets.xcassets in Resources */ = {isa = PBXBuildFile; fileRef = A6F7B545297FE76200AEFE81 /* Preview Assets.xcassets */; };
		A6F7B54D297FEC5500AEFE81 /* SearchBar.swift in Sources */ = {isa = PBXBuildFile; fileRef = A6F7B54C297FEC5500AEFE81 /* SearchBar.swift */; };
/* End PBXBuildFile section */

/* Begin PBXFileReference section */
		A60B1B47298932F80017EDB0 /* HomeManager.swift */ = {isa = PBXFileReference; lastKnownFileType = sourcecode.swift; path = HomeManager.swift; sourceTree = "<group>"; };
		A644E7F62987D981005FAC0C /* APIList.swift */ = {isa = PBXFileReference; lastKnownFileType = sourcecode.swift; path = APIList.swift; sourceTree = "<group>"; };
		A644E7F82987DFAC005FAC0C /* ChatPage.swift */ = {isa = PBXFileReference; lastKnownFileType = sourcecode.swift; path = ChatPage.swift; sourceTree = "<group>"; };
		A644E7FA2987DFEB005FAC0C /* ProfilePage.swift */ = {isa = PBXFileReference; lastKnownFileType = sourcecode.swift; path = ProfilePage.swift; sourceTree = "<group>"; };
		A644E7FC2987E018005FAC0C /* AddPostPage.swift */ = {isa = PBXFileReference; lastKnownFileType = sourcecode.swift; path = AddPostPage.swift; sourceTree = "<group>"; };
		A644E7FE2987E2E7005FAC0C /* ContentView.swift */ = {isa = PBXFileReference; lastKnownFileType = sourcecode.swift; path = ContentView.swift; sourceTree = "<group>"; };
		A644E8002987F4D1005FAC0C /* PostItem.swift */ = {isa = PBXFileReference; lastKnownFileType = sourcecode.swift; path = PostItem.swift; sourceTree = "<group>"; };
		A644E8022988298B005FAC0C /* DetailsPage.swift */ = {isa = PBXFileReference; lastKnownFileType = sourcecode.swift; path = DetailsPage.swift; sourceTree = "<group>"; };
		A644E80829882AD9005FAC0C /* Post.swift */ = {isa = PBXFileReference; lastKnownFileType = sourcecode.swift; path = Post.swift; sourceTree = "<group>"; };
		A6F7B53B297FE76000AEFE81 /* Commusic.app */ = {isa = PBXFileReference; explicitFileType = wrapper.application; includeInIndex = 0; path = Commusic.app; sourceTree = BUILT_PRODUCTS_DIR; };
		A6F7B53E297FE76000AEFE81 /* CommusicApp.swift */ = {isa = PBXFileReference; lastKnownFileType = sourcecode.swift; path = CommusicApp.swift; sourceTree = "<group>"; };
		A6F7B540297FE76000AEFE81 /* HomePage.swift */ = {isa = PBXFileReference; lastKnownFileType = sourcecode.swift; path = HomePage.swift; sourceTree = "<group>"; };
		A6F7B542297FE76200AEFE81 /* Assets.xcassets */ = {isa = PBXFileReference; lastKnownFileType = folder.assetcatalog; path = Assets.xcassets; sourceTree = "<group>"; };
		A6F7B545297FE76200AEFE81 /* Preview Assets.xcassets */ = {isa = PBXFileReference; lastKnownFileType = folder.assetcatalog; path = "Preview Assets.xcassets"; sourceTree = "<group>"; };
		A6F7B54C297FEC5500AEFE81 /* SearchBar.swift */ = {isa = PBXFileReference; lastKnownFileType = sourcecode.swift; path = SearchBar.swift; sourceTree = "<group>"; };
/* End PBXFileReference section */

/* Begin PBXFrameworksBuildPhase section */
		A6F7B538297FE76000AEFE81 /* Frameworks */ = {
			isa = PBXFrameworksBuildPhase;
			buildActionMask = 2147483647;
			files = (
				A60B1B4B29893E8E0017EDB0 /* Alamofire in Frameworks */,
			);
			runOnlyForDeploymentPostprocessing = 0;
		};
/* End PBXFrameworksBuildPhase section */

/* Begin PBXGroup section */
		A6F4FBAE2981D01100CBB72F /* Model */ = {
			isa = PBXGroup;
			children = (
				A644E7F62987D981005FAC0C /* APIList.swift */,
				A644E80829882AD9005FAC0C /* Post.swift */,
				A60B1B47298932F80017EDB0 /* HomeManager.swift */,
			);
			path = Model;
			sourceTree = "<group>";
		};
		A6F4FBAF2981D01D00CBB72F /* Page VIews */ = {
			isa = PBXGroup;
			children = (
				A6F7B540297FE76000AEFE81 /* HomePage.swift */,
				A644E7F82987DFAC005FAC0C /* ChatPage.swift */,
				A644E7FA2987DFEB005FAC0C /* ProfilePage.swift */,
				A644E7FC2987E018005FAC0C /* AddPostPage.swift */,
				A644E8022988298B005FAC0C /* DetailsPage.swift */,
			);
			path = "Page VIews";
			sourceTree = "<group>";
		};
		A6F4FBB02981D02B00CBB72F /* Views */ = {
			isa = PBXGroup;
			children = (
				A6F7B54C297FEC5500AEFE81 /* SearchBar.swift */,
				A644E8002987F4D1005FAC0C /* PostItem.swift */,
			);
			path = Views;
			sourceTree = "<group>";
		};
		A6F7B532297FE76000AEFE81 = {
			isa = PBXGroup;
			children = (
				A6F7B53D297FE76000AEFE81 /* Commusic */,
				A6F7B53C297FE76000AEFE81 /* Products */,
			);
			sourceTree = "<group>";
		};
		A6F7B53C297FE76000AEFE81 /* Products */ = {
			isa = PBXGroup;
			children = (
				A6F7B53B297FE76000AEFE81 /* Commusic.app */,
			);
			name = Products;
			sourceTree = "<group>";
		};
		A6F7B53D297FE76000AEFE81 /* Commusic */ = {
			isa = PBXGroup;
			children = (
				A6F7B53E297FE76000AEFE81 /* CommusicApp.swift */,
				A6F4FBAE2981D01100CBB72F /* Model */,
				A6F4FBB02981D02B00CBB72F /* Views */,
				A6F4FBAF2981D01D00CBB72F /* Page VIews */,
				A6F7B542297FE76200AEFE81 /* Assets.xcassets */,
				A6F7B544297FE76200AEFE81 /* Preview Content */,
			);
			path = Commusic;
			sourceTree = "<group>";
		};
		A6F7B544297FE76200AEFE81 /* Preview Content */ = {
			isa = PBXGroup;
			children = (
				A644E7FE2987E2E7005FAC0C /* ContentView.swift */,
				A6F7B545297FE76200AEFE81 /* Preview Assets.xcassets */,
			);
			path = "Preview Content";
			sourceTree = "<group>";
		};
/* End PBXGroup section */

/* Begin PBXNativeTarget section */
		A6F7B53A297FE76000AEFE81 /* Commusic */ = {
			isa = PBXNativeTarget;
			buildConfigurationList = A6F7B549297FE76200AEFE81 /* Build configuration list for PBXNativeTarget "Commusic" */;
			buildPhases = (
				A6F7B537297FE76000AEFE81 /* Sources */,
				A6F7B538297FE76000AEFE81 /* Frameworks */,
				A6F7B539297FE76000AEFE81 /* Resources */,
			);
			buildRules = (
			);
			dependencies = (
			);
			name = Commusic;
			packageProductDependencies = (
				A60B1B4A29893E8E0017EDB0 /* Alamofire */,
			);
			productName = Commusic;
			productReference = A6F7B53B297FE76000AEFE81 /* Commusic.app */;
			productType = "com.apple.product-type.application";
		};
/* End PBXNativeTarget section */

/* Begin PBXProject section */
		A6F7B533297FE76000AEFE81 /* Project object */ = {
			isa = PBXProject;
			attributes = {
				BuildIndependentTargetsInParallel = 1;
				LastSwiftUpdateCheck = 1420;
				LastUpgradeCheck = 1420;
				TargetAttributes = {
					A6F7B53A297FE76000AEFE81 = {
						CreatedOnToolsVersion = 14.2;
					};
				};
			};
			buildConfigurationList = A6F7B536297FE76000AEFE81 /* Build configuration list for PBXProject "Commusic" */;
			compatibilityVersion = "Xcode 14.0";
			developmentRegion = en;
			hasScannedForEncodings = 0;
			knownRegions = (
				en,
				Base,
			);
			mainGroup = A6F7B532297FE76000AEFE81;
			packageReferences = (
				A60B1B4929893E8E0017EDB0 /* XCRemoteSwiftPackageReference "Alamofire" */,
			);
			productRefGroup = A6F7B53C297FE76000AEFE81 /* Products */;
			projectDirPath = "";
			projectRoot = "";
			targets = (
				A6F7B53A297FE76000AEFE81 /* Commusic */,
			);
		};
/* End PBXProject section */

/* Begin PBXResourcesBuildPhase section */
		A6F7B539297FE76000AEFE81 /* Resources */ = {
			isa = PBXResourcesBuildPhase;
			buildActionMask = 2147483647;
			files = (
				A6F7B546297FE76200AEFE81 /* Preview Assets.xcassets in Resources */,
				A6F7B543297FE76200AEFE81 /* Assets.xcassets in Resources */,
			);
			runOnlyForDeploymentPostprocessing = 0;
		};
/* End PBXResourcesBuildPhase section */

/* Begin PBXSourcesBuildPhase section */
		A6F7B537297FE76000AEFE81 /* Sources */ = {
			isa = PBXSourcesBuildPhase;
			buildActionMask = 2147483647;
			files = (
				A644E8012987F4D1005FAC0C /* PostItem.swift in Sources */,
				A644E80929882AD9005FAC0C /* Post.swift in Sources */,
				A644E7FB2987DFEB005FAC0C /* ProfilePage.swift in Sources */,
				A6F7B541297FE76000AEFE81 /* HomePage.swift in Sources */,
				A60B1B48298932F80017EDB0 /* HomeManager.swift in Sources */,
				A644E7FF2987E2E7005FAC0C /* ContentView.swift in Sources */,
				A644E7F72987D981005FAC0C /* APIList.swift in Sources */,
				A644E8032988298B005FAC0C /* DetailsPage.swift in Sources */,
				A644E7F92987DFAC005FAC0C /* ChatPage.swift in Sources */,
				A6F7B53F297FE76000AEFE81 /* CommusicApp.swift in Sources */,
				A644E7FD2987E018005FAC0C /* AddPostPage.swift in Sources */,
				A6F7B54D297FEC5500AEFE81 /* SearchBar.swift in Sources */,
			);
			runOnlyForDeploymentPostprocessing = 0;
		};
/* End PBXSourcesBuildPhase section */

/* Begin XCBuildConfiguration section */
		A6F7B547297FE76200AEFE81 /* Debug */ = {
			isa = XCBuildConfiguration;
			buildSettings = {
				ALWAYS_SEARCH_USER_PATHS = NO;
				CLANG_ANALYZER_NONNULL = YES;
				CLANG_ANALYZER_NUMBER_OBJECT_CONVERSION = YES_AGGRESSIVE;
				CLANG_CXX_LANGUAGE_STANDARD = "gnu++20";
				CLANG_ENABLE_MODULES = YES;
				CLANG_ENABLE_OBJC_ARC = YES;
				CLANG_ENABLE_OBJC_WEAK = YES;
				CLANG_WARN_BLOCK_CAPTURE_AUTORELEASING = YES;
				CLANG_WARN_BOOL_CONVERSION = YES;
				CLANG_WARN_COMMA = YES;
				CLANG_WARN_CONSTANT_CONVERSION = YES;
				CLANG_WARN_DEPRECATED_OBJC_IMPLEMENTATIONS = YES;
				CLANG_WARN_DIRECT_OBJC_ISA_USAGE = YES_ERROR;
				CLANG_WARN_DOCUMENTATION_COMMENTS = YES;
				CLANG_WARN_EMPTY_BODY = YES;
				CLANG_WARN_ENUM_CONVERSION = YES;
				CLANG_WARN_INFINITE_RECURSION = YES;
				CLANG_WARN_INT_CONVERSION = YES;
				CLANG_WARN_NON_LITERAL_NULL_CONVERSION = YES;
				CLANG_WARN_OBJC_IMPLICIT_RETAIN_SELF = YES;
				CLANG_WARN_OBJC_LITERAL_CONVERSION = YES;
				CLANG_WARN_OBJC_ROOT_CLASS = YES_ERROR;
				CLANG_WARN_QUOTED_INCLUDE_IN_FRAMEWORK_HEADER = YES;
				CLANG_WARN_RANGE_LOOP_ANALYSIS = YES;
				CLANG_WARN_STRICT_PROTOTYPES = YES;
				CLANG_WARN_SUSPICIOUS_MOVE = YES;
				CLANG_WARN_UNGUARDED_AVAILABILITY = YES_AGGRESSIVE;
				CLANG_WARN_UNREACHABLE_CODE = YES;
				CLANG_WARN__DUPLICATE_METHOD_MATCH = YES;
				COPY_PHASE_STRIP = NO;
				DEBUG_INFORMATION_FORMAT = dwarf;
				ENABLE_STRICT_OBJC_MSGSEND = YES;
				ENABLE_TESTABILITY = YES;
				GCC_C_LANGUAGE_STANDARD = gnu11;
				GCC_DYNAMIC_NO_PIC = NO;
				GCC_NO_COMMON_BLOCKS = YES;
				GCC_OPTIMIZATION_LEVEL = 0;
				GCC_PREPROCESSOR_DEFINITIONS = (
					"DEBUG=1",
					"$(inherited)",
				);
				GCC_WARN_64_TO_32_BIT_CONVERSION = YES;
				GCC_WARN_ABOUT_RETURN_TYPE = YES_ERROR;
				GCC_WARN_UNDECLARED_SELECTOR = YES;
				GCC_WARN_UNINITIALIZED_AUTOS = YES_AGGRESSIVE;
				GCC_WARN_UNUSED_FUNCTION = YES;
				GCC_WARN_UNUSED_VARIABLE = YES;
				IPHONEOS_DEPLOYMENT_TARGET = 16.2;
				MTL_ENABLE_DEBUG_INFO = INCLUDE_SOURCE;
				MTL_FAST_MATH = YES;
				ONLY_ACTIVE_ARCH = YES;
				SDKROOT = iphoneos;
				SWIFT_ACTIVE_COMPILATION_CONDITIONS = DEBUG;
				SWIFT_OPTIMIZATION_LEVEL = "-Onone";
			};
			name = Debug;
		};
		A6F7B548297FE76200AEFE81 /* Release */ = {
			isa = XCBuildConfiguration;
			buildSettings = {
				ALWAYS_SEARCH_USER_PATHS = NO;
				CLANG_ANALYZER_NONNULL = YES;
				CLANG_ANALYZER_NUMBER_OBJECT_CONVERSION = YES_AGGRESSIVE;
				CLANG_CXX_LANGUAGE_STANDARD = "gnu++20";
				CLANG_ENABLE_MODULES = YES;
				CLANG_ENABLE_OBJC_ARC = YES;
				CLANG_ENABLE_OBJC_WEAK = YES;
				CLANG_WARN_BLOCK_CAPTURE_AUTORELEASING = YES;
				CLANG_WARN_BOOL_CONVERSION = YES;
				CLANG_WARN_COMMA = YES;
				CLANG_WARN_CONSTANT_CONVERSION = YES;
				CLANG_WARN_DEPRECATED_OBJC_IMPLEMENTATIONS = YES;
				CLANG_WARN_DIRECT_OBJC_ISA_USAGE = YES_ERROR;
				CLANG_WARN_DOCUMENTATION_COMMENTS = YES;
				CLANG_WARN_EMPTY_BODY = YES;
				CLANG_WARN_ENUM_CONVERSION = YES;
				CLANG_WARN_INFINITE_RECURSION = YES;
				CLANG_WARN_INT_CONVERSION = YES;
				CLANG_WARN_NON_LITERAL_NULL_CONVERSION = YES;
				CLANG_WARN_OBJC_IMPLICIT_RETAIN_SELF = YES;
				CLANG_WARN_OBJC_LITERAL_CONVERSION = YES;
				CLANG_WARN_OBJC_ROOT_CLASS = YES_ERROR;
				CLANG_WARN_QUOTED_INCLUDE_IN_FRAMEWORK_HEADER = YES;
				CLANG_WARN_RANGE_LOOP_ANALYSIS = YES;
				CLANG_WARN_STRICT_PROTOTYPES = YES;
				CLANG_WARN_SUSPICIOUS_MOVE = YES;
				CLANG_WARN_UNGUARDED_AVAILABILITY = YES_AGGRESSIVE;
				CLANG_WARN_UNREACHABLE_CODE = YES;
				CLANG_WARN__DUPLICATE_METHOD_MATCH = YES;
				COPY_PHASE_STRIP = NO;
				DEBUG_INFORMATION_FORMAT = "dwarf-with-dsym";
				ENABLE_NS_ASSERTIONS = NO;
				ENABLE_STRICT_OBJC_MSGSEND = YES;
				GCC_C_LANGUAGE_STANDARD = gnu11;
				GCC_NO_COMMON_BLOCKS = YES;
				GCC_WARN_64_TO_32_BIT_CONVERSION = YES;
				GCC_WARN_ABOUT_RETURN_TYPE = YES_ERROR;
				GCC_WARN_UNDECLARED_SELECTOR = YES;
				GCC_WARN_UNINITIALIZED_AUTOS = YES_AGGRESSIVE;
				GCC_WARN_UNUSED_FUNCTION = YES;
				GCC_WARN_UNUSED_VARIABLE = YES;
				IPHONEOS_DEPLOYMENT_TARGET = 16.2;
				MTL_ENABLE_DEBUG_INFO = NO;
				MTL_FAST_MATH = YES;
				SDKROOT = iphoneos;
				SWIFT_COMPILATION_MODE = wholemodule;
				SWIFT_OPTIMIZATION_LEVEL = "-O";
				VALIDATE_PRODUCT = YES;
			};
			name = Release;
		};
		A6F7B54A297FE76200AEFE81 /* Debug */ = {
			isa = XCBuildConfiguration;
			buildSettings = {
				ASSETCATALOG_COMPILER_APPICON_NAME = AppIcon;
				ASSETCATALOG_COMPILER_GLOBAL_ACCENT_COLOR_NAME = AccentColor;
				CODE_SIGN_STYLE = Automatic;
				CURRENT_PROJECT_VERSION = 1;
				DEVELOPMENT_ASSET_PATHS = "\"Commusic/Preview Content\"";
				ENABLE_PREVIEWS = YES;
				GENERATE_INFOPLIST_FILE = YES;
				INFOPLIST_KEY_UIApplicationSceneManifest_Generation = YES;
				INFOPLIST_KEY_UIApplicationSupportsIndirectInputEvents = YES;
				INFOPLIST_KEY_UILaunchScreen_Generation = YES;
				INFOPLIST_KEY_UISupportedInterfaceOrientations_iPad = "UIInterfaceOrientationPortrait UIInterfaceOrientationPortraitUpsideDown UIInterfaceOrientationLandscapeLeft UIInterfaceOrientationLandscapeRight";
				INFOPLIST_KEY_UISupportedInterfaceOrientations_iPhone = "UIInterfaceOrientationPortrait UIInterfaceOrientationLandscapeLeft UIInterfaceOrientationLandscapeRight";
				INFOPLIST_KEY_UIUserInterfaceStyle = Light;
				LD_RUNPATH_SEARCH_PATHS = (
					"$(inherited)",
					"@executable_path/Frameworks",
				);
				MARKETING_VERSION = 1.0;
				PRODUCT_BUNDLE_IDENTIFIER = com.workshop.Commusic;
				PRODUCT_NAME = "$(TARGET_NAME)";
				SWIFT_EMIT_LOC_STRINGS = YES;
				SWIFT_VERSION = 5.0;
				TARGETED_DEVICE_FAMILY = "1,2";
			};
			name = Debug;
		};
		A6F7B54B297FE76200AEFE81 /* Release */ = {
			isa = XCBuildConfiguration;
			buildSettings = {
				ASSETCATALOG_COMPILER_APPICON_NAME = AppIcon;
				ASSETCATALOG_COMPILER_GLOBAL_ACCENT_COLOR_NAME = AccentColor;
				CODE_SIGN_STYLE = Automatic;
				CURRENT_PROJECT_VERSION = 1;
				DEVELOPMENT_ASSET_PATHS = "\"Commusic/Preview Content\"";
				ENABLE_PREVIEWS = YES;
				GENERATE_INFOPLIST_FILE = YES;
				INFOPLIST_KEY_UIApplicationSceneManifest_Generation = YES;
				INFOPLIST_KEY_UIApplicationSupportsIndirectInputEvents = YES;
				INFOPLIST_KEY_UILaunchScreen_Generation = YES;
				INFOPLIST_KEY_UISupportedInterfaceOrientations_iPad = "UIInterfaceOrientationPortrait UIInterfaceOrientationPortraitUpsideDown UIInterfaceOrientationLandscapeLeft UIInterfaceOrientationLandscapeRight";
				INFOPLIST_KEY_UISupportedInterfaceOrientations_iPhone = "UIInterfaceOrientationPortrait UIInterfaceOrientationLandscapeLeft UIInterfaceOrientationLandscapeRight";
				INFOPLIST_KEY_UIUserInterfaceStyle = Light;
				LD_RUNPATH_SEARCH_PATHS = (
					"$(inherited)",
					"@executable_path/Frameworks",
				);
				MARKETING_VERSION = 1.0;
				PRODUCT_BUNDLE_IDENTIFIER = com.workshop.Commusic;
				PRODUCT_NAME = "$(TARGET_NAME)";
				SWIFT_EMIT_LOC_STRINGS = YES;
				SWIFT_VERSION = 5.0;
				TARGETED_DEVICE_FAMILY = "1,2";
			};
			name = Release;
		};
/* End XCBuildConfiguration section */

/* Begin XCConfigurationList section */
		A6F7B536297FE76000AEFE81 /* Build configuration list for PBXProject "Commusic" */ = {
			isa = XCConfigurationList;
			buildConfigurations = (
				A6F7B547297FE76200AEFE81 /* Debug */,
				A6F7B548297FE76200AEFE81 /* Release */,
			);
			defaultConfigurationIsVisible = 0;
			defaultConfigurationName = Release;
		};
		A6F7B549297FE76200AEFE81 /* Build configuration list for PBXNativeTarget "Commusic" */ = {
			isa = XCConfigurationList;
			buildConfigurations = (
				A6F7B54A297FE76200AEFE81 /* Debug */,
				A6F7B54B297FE76200AEFE81 /* Release */,
			);
			defaultConfigurationIsVisible = 0;
			defaultConfigurationName = Release;
		};
/* End XCConfigurationList section */

/* Begin XCRemoteSwiftPackageReference section */
		A60B1B4929893E8E0017EDB0 /* XCRemoteSwiftPackageReference "Alamofire" */ = {
			isa = XCRemoteSwiftPackageReference;
			repositoryURL = "https://github.com/Alamofire/Alamofire.git";
			requirement = {
				branch = master;
				kind = branch;
			};
		};
/* End XCRemoteSwiftPackageReference section */

/* Begin XCSwiftPackageProductDependency section */
		A60B1B4A29893E8E0017EDB0 /* Alamofire */ = {
			isa = XCSwiftPackageProductDependency;
			package = A60B1B4929893E8E0017EDB0 /* XCRemoteSwiftPackageReference "Alamofire" */;
			productName = Alamofire;
		};
/* End XCSwiftPackageProductDependency section */
	};
	rootObject = A6F7B533297FE76000AEFE81 /* Project object */;
}
